
Microsoft Visual Studio Solution File, Format Version 12.00
# Visual Studio 15
VisualStudioVersion = 15.0.26124.0
MinimumVisualStudioVersion = 15.0.26124.0
Project("{FAE04EC0-301F-11D3-BF4B-00C04F79EFBC}") = "SnmpAbstraction", "SnmpAbstraction\SnmpAbstraction.csproj", "{60650DBE-3380-4777-A0BD-15D05619B3EF}"
EndProject
Project("{FAE04EC0-301F-11D3-BF4B-00C04F79EFBC}") = "SnmpAbstractionTests", "SnmpAbstractionTests\SnmpAbstractionTests.csproj", "{6DD0225A-4C88-43D4-B678-E52EE762A1BB}"
EndProject
Project("{FAE04EC0-301F-11D3-BF4B-00C04F79EFBC}") = "HamnetMonitorCmdLine", "HamnetMonitorCmdLine\HamnetMonitorCmdLine.csproj", "{D2F8E106-9F1C-47E4-9500-A6C4E6C5A6ED}"
EndProject
Project("{FAE04EC0-301F-11D3-BF4B-00C04F79EFBC}") = "HamnetDbAbstraction", "HamnetDbAbstraction\HamnetDbAbstraction.csproj", "{A022598E-59B1-4E03-83BB-33DAA2996769}"
EndProject
Project("{FAE04EC0-301F-11D3-BF4B-00C04F79EFBC}") = "HamnetDbAbstractionTests", "HamnetDbAbstractionTests\HamnetDbAbstractionTests.csproj", "{A65DBB2D-51AF-4BBA-9899-17E8079E7139}"
EndProject
Project("{FAE04EC0-301F-11D3-BF4B-00C04F79EFBC}") = "HamnetMonitoringService", "HamnetMonitoringService\HamnetMonitoringService.csproj", "{5B02D108-3150-4DCD-B4C4-E15AF674D39B}"
EndProject
Project("{FAE04EC0-301F-11D3-BF4B-00C04F79EFBC}") = "HamnetMonitoringServiceTests", "HamnetMonitoringServiceTests\HamnetMonitoringServiceTests.csproj", "{8D3FE672-173E-4747-8990-559B8F51F664}"
EndProject
Global
	GlobalSection(SolutionConfigurationPlatforms) = preSolution
		Debug|Any CPU = Debug|Any CPU
		Debug|x64 = Debug|x64
		Debug|x86 = Debug|x86
		Release|Any CPU = Release|Any CPU
		Release|x64 = Release|x64
		Release|x86 = Release|x86
	EndGlobalSection
	GlobalSection(SolutionProperties) = preSolution
		HideSolutionNode = FALSE
	EndGlobalSection
	GlobalSection(ProjectConfigurationPlatforms) = postSolution
		{60650DBE-3380-4777-A0BD-15D05619B3EF}.Debug|Any CPU.ActiveCfg = Debug|Any CPU
		{60650DBE-3380-4777-A0BD-15D05619B3EF}.Debug|Any CPU.Build.0 = Debug|Any CPU
		{60650DBE-3380-4777-A0BD-15D05619B3EF}.Debug|x64.ActiveCfg = Debug|Any CPU
		{60650DBE-3380-4777-A0BD-15D05619B3EF}.Debug|x64.Build.0 = Debug|Any CPU
		{60650DBE-3380-4777-A0BD-15D05619B3EF}.Debug|x86.ActiveCfg = Debug|Any CPU
		{60650DBE-3380-4777-A0BD-15D05619B3EF}.Debug|x86.Build.0 = Debug|Any CPU
		{60650DBE-3380-4777-A0BD-15D05619B3EF}.Release|Any CPU.ActiveCfg = Release|Any CPU
		{60650DBE-3380-4777-A0BD-15D05619B3EF}.Release|Any CPU.Build.0 = Release|Any CPU
		{60650DBE-3380-4777-A0BD-15D05619B3EF}.Release|x64.ActiveCfg = Release|Any CPU
		{60650DBE-3380-4777-A0BD-15D05619B3EF}.Release|x64.Build.0 = Release|Any CPU
		{60650DBE-3380-4777-A0BD-15D05619B3EF}.Release|x86.ActiveCfg = Release|Any CPU
		{60650DBE-3380-4777-A0BD-15D05619B3EF}.Release|x86.Build.0 = Release|Any CPU
		{6DD0225A-4C88-43D4-B678-E52EE762A1BB}.Debug|Any CPU.ActiveCfg = Debug|Any CPU
		{6DD0225A-4C88-43D4-B678-E52EE762A1BB}.Debug|Any CPU.Build.0 = Debug|Any CPU
		{6DD0225A-4C88-43D4-B678-E52EE762A1BB}.Debug|x64.ActiveCfg = Debug|Any CPU
		{6DD0225A-4C88-43D4-B678-E52EE762A1BB}.Debug|x64.Build.0 = Debug|Any CPU
		{6DD0225A-4C88-43D4-B678-E52EE762A1BB}.Debug|x86.ActiveCfg = Debug|Any CPU
		{6DD0225A-4C88-43D4-B678-E52EE762A1BB}.Debug|x86.Build.0 = Debug|Any CPU
		{6DD0225A-4C88-43D4-B678-E52EE762A1BB}.Release|Any CPU.ActiveCfg = Release|Any CPU
		{6DD0225A-4C88-43D4-B678-E52EE762A1BB}.Release|Any CPU.Build.0 = Release|Any CPU
		{6DD0225A-4C88-43D4-B678-E52EE762A1BB}.Release|x64.ActiveCfg = Release|Any CPU
		{6DD0225A-4C88-43D4-B678-E52EE762A1BB}.Release|x64.Build.0 = Release|Any CPU
		{6DD0225A-4C88-43D4-B678-E52EE762A1BB}.Release|x86.ActiveCfg = Release|Any CPU
		{6DD0225A-4C88-43D4-B678-E52EE762A1BB}.Release|x86.Build.0 = Release|Any CPU
		{D2F8E106-9F1C-47E4-9500-A6C4E6C5A6ED}.Debug|Any CPU.ActiveCfg = Debug|Any CPU
		{D2F8E106-9F1C-47E4-9500-A6C4E6C5A6ED}.Debug|Any CPU.Build.0 = Debug|Any CPU
		{D2F8E106-9F1C-47E4-9500-A6C4E6C5A6ED}.Debug|x64.ActiveCfg = Debug|Any CPU
		{D2F8E106-9F1C-47E4-9500-A6C4E6C5A6ED}.Debug|x64.Build.0 = Debug|Any CPU
		{D2F8E106-9F1C-47E4-9500-A6C4E6C5A6ED}.Debug|x86.ActiveCfg = Debug|Any CPU
		{D2F8E106-9F1C-47E4-9500-A6C4E6C5A6ED}.Debug|x86.Build.0 = Debug|Any CPU
		{D2F8E106-9F1C-47E4-9500-A6C4E6C5A6ED}.Release|Any CPU.ActiveCfg = Release|Any CPU
		{D2F8E106-9F1C-47E4-9500-A6C4E6C5A6ED}.Release|Any CPU.Build.0 = Release|Any CPU
		{D2F8E106-9F1C-47E4-9500-A6C4E6C5A6ED}.Release|x64.ActiveCfg = Release|Any CPU
		{D2F8E106-9F1C-47E4-9500-A6C4E6C5A6ED}.Release|x64.Build.0 = Release|Any CPU
		{D2F8E106-9F1C-47E4-9500-A6C4E6C5A6ED}.Release|x86.ActiveCfg = Release|Any CPU
		{D2F8E106-9F1C-47E4-9500-A6C4E6C5A6ED}.Release|x86.Build.0 = Release|Any CPU
		{A022598E-59B1-4E03-83BB-33DAA2996769}.Debug|Any CPU.ActiveCfg = Debug|Any CPU
		{A022598E-59B1-4E03-83BB-33DAA2996769}.Debug|Any CPU.Build.0 = Debug|Any CPU
		{A022598E-59B1-4E03-83BB-33DAA2996769}.Debug|x64.ActiveCfg = Debug|Any CPU
		{A022598E-59B1-4E03-83BB-33DAA2996769}.Debug|x64.Build.0 = Debug|Any CPU
		{A022598E-59B1-4E03-83BB-33DAA2996769}.Debug|x86.ActiveCfg = Debug|Any CPU
		{A022598E-59B1-4E03-83BB-33DAA2996769}.Debug|x86.Build.0 = Debug|Any CPU
		{A022598E-59B1-4E03-83BB-33DAA2996769}.Release|Any CPU.ActiveCfg = Release|Any CPU
		{A022598E-59B1-4E03-83BB-33DAA2996769}.Release|Any CPU.Build.0 = Release|Any CPU
		{A022598E-59B1-4E03-83BB-33DAA2996769}.Release|x64.ActiveCfg = Release|Any CPU
		{A022598E-59B1-4E03-83BB-33DAA2996769}.Release|x64.Build.0 = Release|Any CPU
		{A022598E-59B1-4E03-83BB-33DAA2996769}.Release|x86.ActiveCfg = Release|Any CPU
		{A022598E-59B1-4E03-83BB-33DAA2996769}.Release|x86.Build.0 = Release|Any CPU
		{A65DBB2D-51AF-4BBA-9899-17E8079E7139}.Debug|Any CPU.ActiveCfg = Debug|Any CPU
		{A65DBB2D-51AF-4BBA-9899-17E8079E7139}.Debug|Any CPU.Build.0 = Debug|Any CPU
		{A65DBB2D-51AF-4BBA-9899-17E8079E7139}.Debug|x64.ActiveCfg = Debug|Any CPU
		{A65DBB2D-51AF-4BBA-9899-17E8079E7139}.Debug|x64.Build.0 = Debug|Any CPU
		{A65DBB2D-51AF-4BBA-9899-17E8079E7139}.Debug|x86.ActiveCfg = Debug|Any CPU
		{A65DBB2D-51AF-4BBA-9899-17E8079E7139}.Debug|x86.Build.0 = Debug|Any CPU
		{A65DBB2D-51AF-4BBA-9899-17E8079E7139}.Release|Any CPU.ActiveCfg = Release|Any CPU
		{A65DBB2D-51AF-4BBA-9899-17E8079E7139}.Release|Any CPU.Build.0 = Release|Any CPU
		{A65DBB2D-51AF-4BBA-9899-17E8079E7139}.Release|x64.ActiveCfg = Release|Any CPU
		{A65DBB2D-51AF-4BBA-9899-17E8079E7139}.Release|x64.Build.0 = Release|Any CPU
		{A65DBB2D-51AF-4BBA-9899-17E8079E7139}.Release|x86.ActiveCfg = Release|Any CPU
		{A65DBB2D-51AF-4BBA-9899-17E8079E7139}.Release|x86.Build.0 = Release|Any CPU
		{5B02D108-3150-4DCD-B4C4-E15AF674D39B}.Debug|Any CPU.ActiveCfg = Debug|Any CPU
		{5B02D108-3150-4DCD-B4C4-E15AF674D39B}.Debug|Any CPU.Build.0 = Debug|Any CPU
		{5B02D108-3150-4DCD-B4C4-E15AF674D39B}.Debug|x64.ActiveCfg = Debug|Any CPU
		{5B02D108-3150-4DCD-B4C4-E15AF674D39B}.Debug|x64.Build.0 = Debug|Any CPU
		{5B02D108-3150-4DCD-B4C4-E15AF674D39B}.Debug|x86.ActiveCfg = Debug|Any CPU
		{5B02D108-3150-4DCD-B4C4-E15AF674D39B}.Debug|x86.Build.0 = Debug|Any CPU
		{5B02D108-3150-4DCD-B4C4-E15AF674D39B}.Release|Any CPU.ActiveCfg = Release|Any CPU
		{5B02D108-3150-4DCD-B4C4-E15AF674D39B}.Release|Any CPU.Build.0 = Release|Any CPU
		{5B02D108-3150-4DCD-B4C4-E15AF674D39B}.Release|x64.ActiveCfg = Release|Any CPU
		{5B02D108-3150-4DCD-B4C4-E15AF674D39B}.Release|x64.Build.0 = Release|Any CPU
		{5B02D108-3150-4DCD-B4C4-E15AF674D39B}.Release|x86.ActiveCfg = Release|Any CPU
		{5B02D108-3150-4DCD-B4C4-E15AF674D39B}.Release|x86.Build.0 = Release|Any CPU
		{8D3FE672-173E-4747-8990-559B8F51F664}.Debug|Any CPU.ActiveCfg = Debug|Any CPU
		{8D3FE672-173E-4747-8990-559B8F51F664}.Debug|Any CPU.Build.0 = Debug|Any CPU
		{8D3FE672-173E-4747-8990-559B8F51F664}.Debug|x64.ActiveCfg = Debug|Any CPU
		{8D3FE672-173E-4747-8990-559B8F51F664}.Debug|x64.Build.0 = Debug|Any CPU
		{8D3FE672-173E-4747-8990-559B8F51F664}.Debug|x86.ActiveCfg = Debug|Any CPU
		{8D3FE672-173E-4747-8990-559B8F51F664}.Debug|x86.Build.0 = Debug|Any CPU
		{8D3FE672-173E-4747-8990-559B8F51F664}.Release|Any CPU.ActiveCfg = Release|Any CPU
		{8D3FE672-173E-4747-8990-559B8F51F664}.Release|Any CPU.Build.0 = Release|Any CPU
		{8D3FE672-173E-4747-8990-559B8F51F664}.Release|x64.ActiveCfg = Release|Any CPU
		{8D3FE672-173E-4747-8990-559B8F51F664}.Release|x64.Build.0 = Release|Any CPU
		{8D3FE672-173E-4747-8990-559B8F51F664}.Release|x86.ActiveCfg = Release|Any CPU
		{8D3FE672-173E-4747-8990-559B8F51F664}.Release|x86.Build.0 = Release|Any CPU
	EndGlobalSection
EndGlobal
